// !$*UTF8*$!
{
	archiveVersion = 1;
	classes = {
	};
	objectVersion = 55;
	objects = {

/* Begin PBXBuildFile section */
		1C0C78EA2879429800ED0759 /* AppDelegate.swift in Sources */ = {isa = PBXBuildFile; fileRef = 1C0C78E92879429800ED0759 /* AppDelegate.swift */; };
		1C0C78EC2879429800ED0759 /* SceneDelegate.swift in Sources */ = {isa = PBXBuildFile; fileRef = 1C0C78EB2879429800ED0759 /* SceneDelegate.swift */; };
		1C0C78EE2879429800ED0759 /* HomeViewController.swift in Sources */ = {isa = PBXBuildFile; fileRef = 1C0C78ED2879429800ED0759 /* HomeViewController.swift */; };
		1C0C78F12879429800ED0759 /* Main.storyboard in Resources */ = {isa = PBXBuildFile; fileRef = 1C0C78EF2879429800ED0759 /* Main.storyboard */; };
		1C0C78F32879429A00ED0759 /* Assets.xcassets in Resources */ = {isa = PBXBuildFile; fileRef = 1C0C78F22879429A00ED0759 /* Assets.xcassets */; };
		1C0C78F62879429A00ED0759 /* LaunchScreen.storyboard in Resources */ = {isa = PBXBuildFile; fileRef = 1C0C78F42879429A00ED0759 /* LaunchScreen.storyboard */; };
		1C0C79012879429A00ED0759 /* QiitaTests.swift in Sources */ = {isa = PBXBuildFile; fileRef = 1C0C79002879429A00ED0759 /* QiitaTests.swift */; };
		1C0C790B2879429A00ED0759 /* QiitaUITests.swift in Sources */ = {isa = PBXBuildFile; fileRef = 1C0C790A2879429A00ED0759 /* QiitaUITests.swift */; };
		1C0C790D2879429A00ED0759 /* QiitaUITestsLaunchTests.swift in Sources */ = {isa = PBXBuildFile; fileRef = 1C0C790C2879429A00ED0759 /* QiitaUITestsLaunchTests.swift */; };
		1CCDDAFD287950CF00521785 /* TimelineViewController.swift in Sources */ = {isa = PBXBuildFile; fileRef = 1CCDDAFC287950CF00521785 /* TimelineViewController.swift */; };
		1CCDDAFF2879520E00521785 /* TrendViewController.swift in Sources */ = {isa = PBXBuildFile; fileRef = 1CCDDAFE2879520E00521785 /* TrendViewController.swift */; };
		1CCDDB032879627A00521785 /* NavigationViewController.swift in Sources */ = {isa = PBXBuildFile; fileRef = 1CCDDB022879627A00521785 /* NavigationViewController.swift */; };
		1CCDDB09287974EF00521785 /* TabBarViewController.swift in Sources */ = {isa = PBXBuildFile; fileRef = 1CCDDB08287974EF00521785 /* TabBarViewController.swift */; };
		1CCDDB0D28797F4700521785 /* UIColor+.swift in Sources */ = {isa = PBXBuildFile; fileRef = 1CCDDB0C28797F4700521785 /* UIColor+.swift */; };
		1CCDDB172879900B00521785 /* KeychainAccess in Frameworks */ = {isa = PBXBuildFile; productRef = 1CCDDB162879900B00521785 /* KeychainAccess */; };
		1CCDDB192879917C00521785 /* SignInViewController.swift in Sources */ = {isa = PBXBuildFile; fileRef = 1CCDDB182879917C00521785 /* SignInViewController.swift */; };
		1CCDDB1C2879B66000521785 /* WebKit.framework in Frameworks */ = {isa = PBXBuildFile; fileRef = 1CCDDB1B2879B65F00521785 /* WebKit.framework */; };
		1CCDDB1E2879B69400521785 /* WebViewController.swift in Sources */ = {isa = PBXBuildFile; fileRef = 1CCDDB1D2879B69400521785 /* WebViewController.swift */; };
		1CCDDB202879C3E800521785 /* signin_background.json in Resources */ = {isa = PBXBuildFile; fileRef = 1CCDDB1F2879C3E700521785 /* signin_background.json */; };
		1CCDDB232879C42400521785 /* Lottie in Frameworks */ = {isa = PBXBuildFile; productRef = 1CCDDB222879C42400521785 /* Lottie */; };
/* End PBXBuildFile section */

/* Begin PBXContainerItemProxy section */
		1C0C78FD2879429A00ED0759 /* PBXContainerItemProxy */ = {
			isa = PBXContainerItemProxy;
			containerPortal = 1C0C78DE2879429800ED0759 /* Project object */;
			proxyType = 1;
			remoteGlobalIDString = 1C0C78E52879429800ED0759;
			remoteInfo = Qiita;
		};
		1C0C79072879429A00ED0759 /* PBXContainerItemProxy */ = {
			isa = PBXContainerItemProxy;
			containerPortal = 1C0C78DE2879429800ED0759 /* Project object */;
			proxyType = 1;
			remoteGlobalIDString = 1C0C78E52879429800ED0759;
			remoteInfo = Qiita;
		};
/* End PBXContainerItemProxy section */

/* Begin PBXFileReference section */
		1C0C78E62879429800ED0759 /* Qiita.app */ = {isa = PBXFileReference; explicitFileType = wrapper.application; includeInIndex = 0; path = Qiita.app; sourceTree = BUILT_PRODUCTS_DIR; };
		1C0C78E92879429800ED0759 /* AppDelegate.swift */ = {isa = PBXFileReference; lastKnownFileType = sourcecode.swift; path = AppDelegate.swift; sourceTree = "<group>"; };
		1C0C78EB2879429800ED0759 /* SceneDelegate.swift */ = {isa = PBXFileReference; lastKnownFileType = sourcecode.swift; path = SceneDelegate.swift; sourceTree = "<group>"; };
		1C0C78ED2879429800ED0759 /* HomeViewController.swift */ = {isa = PBXFileReference; lastKnownFileType = sourcecode.swift; path = HomeViewController.swift; sourceTree = "<group>"; };
		1C0C78F02879429800ED0759 /* Base */ = {isa = PBXFileReference; lastKnownFileType = file.storyboard; name = Base; path = Base.lproj/Main.storyboard; sourceTree = "<group>"; };
		1C0C78F22879429A00ED0759 /* Assets.xcassets */ = {isa = PBXFileReference; lastKnownFileType = folder.assetcatalog; path = Assets.xcassets; sourceTree = "<group>"; };
		1C0C78F52879429A00ED0759 /* Base */ = {isa = PBXFileReference; lastKnownFileType = file.storyboard; name = Base; path = Base.lproj/LaunchScreen.storyboard; sourceTree = "<group>"; };
		1C0C78F72879429A00ED0759 /* Info.plist */ = {isa = PBXFileReference; lastKnownFileType = text.plist.xml; path = Info.plist; sourceTree = "<group>"; };
		1C0C78FC2879429A00ED0759 /* QiitaTests.xctest */ = {isa = PBXFileReference; explicitFileType = wrapper.cfbundle; includeInIndex = 0; path = QiitaTests.xctest; sourceTree = BUILT_PRODUCTS_DIR; };
		1C0C79002879429A00ED0759 /* QiitaTests.swift */ = {isa = PBXFileReference; lastKnownFileType = sourcecode.swift; path = QiitaTests.swift; sourceTree = "<group>"; };
		1C0C79062879429A00ED0759 /* QiitaUITests.xctest */ = {isa = PBXFileReference; explicitFileType = wrapper.cfbundle; includeInIndex = 0; path = QiitaUITests.xctest; sourceTree = BUILT_PRODUCTS_DIR; };
		1C0C790A2879429A00ED0759 /* QiitaUITests.swift */ = {isa = PBXFileReference; lastKnownFileType = sourcecode.swift; path = QiitaUITests.swift; sourceTree = "<group>"; };
		1C0C790C2879429A00ED0759 /* QiitaUITestsLaunchTests.swift */ = {isa = PBXFileReference; lastKnownFileType = sourcecode.swift; path = QiitaUITestsLaunchTests.swift; sourceTree = "<group>"; };
		1CCDDAFC287950CF00521785 /* TimelineViewController.swift */ = {isa = PBXFileReference; lastKnownFileType = sourcecode.swift; path = TimelineViewController.swift; sourceTree = "<group>"; };
		1CCDDAFE2879520E00521785 /* TrendViewController.swift */ = {isa = PBXFileReference; lastKnownFileType = sourcecode.swift; path = TrendViewController.swift; sourceTree = "<group>"; };
		1CCDDB022879627A00521785 /* NavigationViewController.swift */ = {isa = PBXFileReference; lastKnownFileType = sourcecode.swift; path = NavigationViewController.swift; sourceTree = "<group>"; };
		1CCDDB08287974EF00521785 /* TabBarViewController.swift */ = {isa = PBXFileReference; lastKnownFileType = sourcecode.swift; path = TabBarViewController.swift; sourceTree = "<group>"; };
		1CCDDB0C28797F4700521785 /* UIColor+.swift */ = {isa = PBXFileReference; lastKnownFileType = sourcecode.swift; path = "UIColor+.swift"; sourceTree = "<group>"; };
		1CCDDB182879917C00521785 /* SignInViewController.swift */ = {isa = PBXFileReference; lastKnownFileType = sourcecode.swift; path = SignInViewController.swift; sourceTree = "<group>"; };
		1CCDDB1B2879B65F00521785 /* WebKit.framework */ = {isa = PBXFileReference; lastKnownFileType = wrapper.framework; name = WebKit.framework; path = System/Library/Frameworks/WebKit.framework; sourceTree = SDKROOT; };
		1CCDDB1D2879B69400521785 /* WebViewController.swift */ = {isa = PBXFileReference; lastKnownFileType = sourcecode.swift; path = WebViewController.swift; sourceTree = "<group>"; };
		1CCDDB1F2879C3E700521785 /* signin_background.json */ = {isa = PBXFileReference; fileEncoding = 4; lastKnownFileType = text.json; path = signin_background.json; sourceTree = "<group>"; };
/* End PBXFileReference section */

/* Begin PBXFrameworksBuildPhase section */
		1C0C78E32879429800ED0759 /* Frameworks */ = {
			isa = PBXFrameworksBuildPhase;
			buildActionMask = 2147483647;
			files = (
				1CCDDB1C2879B66000521785 /* WebKit.framework in Frameworks */,
				1CCDDB172879900B00521785 /* KeychainAccess in Frameworks */,
				1CCDDB232879C42400521785 /* Lottie in Frameworks */,
			);
			runOnlyForDeploymentPostprocessing = 0;
		};
		1C0C78F92879429A00ED0759 /* Frameworks */ = {
			isa = PBXFrameworksBuildPhase;
			buildActionMask = 2147483647;
			files = (
			);
			runOnlyForDeploymentPostprocessing = 0;
		};
		1C0C79032879429A00ED0759 /* Frameworks */ = {
			isa = PBXFrameworksBuildPhase;
			buildActionMask = 2147483647;
			files = (
			);
			runOnlyForDeploymentPostprocessing = 0;
		};
/* End PBXFrameworksBuildPhase section */

/* Begin PBXGroup section */
		1C0C78DD2879429800ED0759 = {
			isa = PBXGroup;
			children = (
				1C0C78E82879429800ED0759 /* Qiita */,
				1C0C78FF2879429A00ED0759 /* QiitaTests */,
				1C0C79092879429A00ED0759 /* QiitaUITests */,
				1C0C78E72879429800ED0759 /* Products */,
				1CCDDB1A2879B65F00521785 /* Frameworks */,
			);
			sourceTree = "<group>";
		};
		1C0C78E72879429800ED0759 /* Products */ = {
			isa = PBXGroup;
			children = (
				1C0C78E62879429800ED0759 /* Qiita.app */,
				1C0C78FC2879429A00ED0759 /* QiitaTests.xctest */,
				1C0C79062879429A00ED0759 /* QiitaUITests.xctest */,
			);
			name = Products;
			sourceTree = "<group>";
		};
		1C0C78E82879429800ED0759 /* Qiita */ = {
			isa = PBXGroup;
			children = (
				1C0C78E92879429800ED0759 /* AppDelegate.swift */,
				1C0C78EB2879429800ED0759 /* SceneDelegate.swift */,
				1C0C791C287942E500ED0759 /* Sources */,
				1C0C7919287942A600ED0759 /* Resources */,
			);
			path = Qiita;
			sourceTree = "<group>";
		};
		1C0C78FF2879429A00ED0759 /* QiitaTests */ = {
			isa = PBXGroup;
			children = (
				1C0C79002879429A00ED0759 /* QiitaTests.swift */,
			);
			path = QiitaTests;
			sourceTree = "<group>";
		};
		1C0C79092879429A00ED0759 /* QiitaUITests */ = {
			isa = PBXGroup;
			children = (
				1C0C790A2879429A00ED0759 /* QiitaUITests.swift */,
				1C0C790C2879429A00ED0759 /* QiitaUITestsLaunchTests.swift */,
			);
			path = QiitaUITests;
			sourceTree = "<group>";
		};
		1C0C7919287942A600ED0759 /* Resources */ = {
			isa = PBXGroup;
			children = (
				1CCDDB1F2879C3E700521785 /* signin_background.json */,
				1C0C78F22879429A00ED0759 /* Assets.xcassets */,
				1C0C78F72879429A00ED0759 /* Info.plist */,
			);
			path = Resources;
			sourceTree = "<group>";
		};
		1C0C791C287942E500ED0759 /* Sources */ = {
			isa = PBXGroup;
			children = (
				1CCDDB182879917C00521785 /* SignInViewController.swift */,
				1CCDDB1D2879B69400521785 /* WebViewController.swift */,
				1CCDDB022879627A00521785 /* NavigationViewController.swift */,
				1CCDDB08287974EF00521785 /* TabBarViewController.swift */,
				1C0C78ED2879429800ED0759 /* HomeViewController.swift */,
				1CCDDAFC287950CF00521785 /* TimelineViewController.swift */,
				1CCDDAFE2879520E00521785 /* TrendViewController.swift */,
				1CCDDB0E28797FA900521785 /* xib */,
				1CCDDB0B28797F3400521785 /* Extensions */,
			);
			path = Sources;
			sourceTree = "<group>";
		};
		1CCDDB0B28797F3400521785 /* Extensions */ = {
			isa = PBXGroup;
			children = (
				1CCDDB0C28797F4700521785 /* UIColor+.swift */,
			);
			path = Extensions;
			sourceTree = "<group>";
		};
		1CCDDB0E28797FA900521785 /* xib */ = {
			isa = PBXGroup;
			children = (
				1C0C78EF2879429800ED0759 /* Main.storyboard */,
				1C0C78F42879429A00ED0759 /* LaunchScreen.storyboard */,
			);
			path = xib;
			sourceTree = "<group>";
		};
		1CCDDB1A2879B65F00521785 /* Frameworks */ = {
			isa = PBXGroup;
			children = (
				1CCDDB1B2879B65F00521785 /* WebKit.framework */,
			);
			name = Frameworks;
			sourceTree = "<group>";
		};
/* End PBXGroup section */

/* Begin PBXNativeTarget section */
		1C0C78E52879429800ED0759 /* Qiita */ = {
			isa = PBXNativeTarget;
			buildConfigurationList = 1C0C79102879429A00ED0759 /* Build configuration list for PBXNativeTarget "Qiita" */;
			buildPhases = (
				1C0C78E22879429800ED0759 /* Sources */,
				1C0C78E32879429800ED0759 /* Frameworks */,
				1C0C78E42879429800ED0759 /* Resources */,
			);
			buildRules = (
			);
			dependencies = (
			);
			name = Qiita;
			packageProductDependencies = (
				1CCDDB162879900B00521785 /* KeychainAccess */,
				1CCDDB222879C42400521785 /* Lottie */,
			);
			productName = Qiita;
			productReference = 1C0C78E62879429800ED0759 /* Qiita.app */;
			productType = "com.apple.product-type.application";
		};
		1C0C78FB2879429A00ED0759 /* QiitaTests */ = {
			isa = PBXNativeTarget;
			buildConfigurationList = 1C0C79132879429A00ED0759 /* Build configuration list for PBXNativeTarget "QiitaTests" */;
			buildPhases = (
				1C0C78F82879429A00ED0759 /* Sources */,
				1C0C78F92879429A00ED0759 /* Frameworks */,
				1C0C78FA2879429A00ED0759 /* Resources */,
			);
			buildRules = (
			);
			dependencies = (
				1C0C78FE2879429A00ED0759 /* PBXTargetDependency */,
			);
			name = QiitaTests;
			productName = QiitaTests;
			productReference = 1C0C78FC2879429A00ED0759 /* QiitaTests.xctest */;
			productType = "com.apple.product-type.bundle.unit-test";
		};
		1C0C79052879429A00ED0759 /* QiitaUITests */ = {
			isa = PBXNativeTarget;
			buildConfigurationList = 1C0C79162879429A00ED0759 /* Build configuration list for PBXNativeTarget "QiitaUITests" */;
			buildPhases = (
				1C0C79022879429A00ED0759 /* Sources */,
				1C0C79032879429A00ED0759 /* Frameworks */,
				1C0C79042879429A00ED0759 /* Resources */,
			);
			buildRules = (
			);
			dependencies = (
				1C0C79082879429A00ED0759 /* PBXTargetDependency */,
			);
			name = QiitaUITests;
			productName = QiitaUITests;
			productReference = 1C0C79062879429A00ED0759 /* QiitaUITests.xctest */;
			productType = "com.apple.product-type.bundle.ui-testing";
		};
/* End PBXNativeTarget section */

/* Begin PBXProject section */
		1C0C78DE2879429800ED0759 /* Project object */ = {
			isa = PBXProject;
			attributes = {
				BuildIndependentTargetsInParallel = 1;
				LastSwiftUpdateCheck = 1340;
				LastUpgradeCheck = 1340;
				TargetAttributes = {
					1C0C78E52879429800ED0759 = {
						CreatedOnToolsVersion = 13.4.1;
					};
					1C0C78FB2879429A00ED0759 = {
						CreatedOnToolsVersion = 13.4.1;
						TestTargetID = 1C0C78E52879429800ED0759;
					};
					1C0C79052879429A00ED0759 = {
						CreatedOnToolsVersion = 13.4.1;
						TestTargetID = 1C0C78E52879429800ED0759;
					};
				};
			};
			buildConfigurationList = 1C0C78E12879429800ED0759 /* Build configuration list for PBXProject "Qiita" */;
			compatibilityVersion = "Xcode 13.0";
			developmentRegion = en;
			hasScannedForEncodings = 0;
			knownRegions = (
				en,
				Base,
			);
			mainGroup = 1C0C78DD2879429800ED0759;
			packageReferences = (
				1CCDDB152879900B00521785 /* XCRemoteSwiftPackageReference "KeychainAccess" */,
				1CCDDB212879C42400521785 /* XCRemoteSwiftPackageReference "lottie-ios" */,
			);
			productRefGroup = 1C0C78E72879429800ED0759 /* Products */;
			projectDirPath = "";
			projectRoot = "";
			targets = (
				1C0C78E52879429800ED0759 /* Qiita */,
				1C0C78FB2879429A00ED0759 /* QiitaTests */,
				1C0C79052879429A00ED0759 /* QiitaUITests */,
			);
		};
/* End PBXProject section */

/* Begin PBXResourcesBuildPhase section */
		1C0C78E42879429800ED0759 /* Resources */ = {
			isa = PBXResourcesBuildPhase;
			buildActionMask = 2147483647;
			files = (
				1C0C78F62879429A00ED0759 /* LaunchScreen.storyboard in Resources */,
				1CCDDB202879C3E800521785 /* signin_background.json in Resources */,
				1C0C78F32879429A00ED0759 /* Assets.xcassets in Resources */,
				1C0C78F12879429800ED0759 /* Main.storyboard in Resources */,
			);
			runOnlyForDeploymentPostprocessing = 0;
		};
		1C0C78FA2879429A00ED0759 /* Resources */ = {
			isa = PBXResourcesBuildPhase;
			buildActionMask = 2147483647;
			files = (
			);
			runOnlyForDeploymentPostprocessing = 0;
		};
		1C0C79042879429A00ED0759 /* Resources */ = {
			isa = PBXResourcesBuildPhase;
			buildActionMask = 2147483647;
			files = (
			);
			runOnlyForDeploymentPostprocessing = 0;
		};
/* End PBXResourcesBuildPhase section */

/* Begin PBXSourcesBuildPhase section */
		1C0C78E22879429800ED0759 /* Sources */ = {
			isa = PBXSourcesBuildPhase;
			buildActionMask = 2147483647;
			files = (
				1CCDDB032879627A00521785 /* NavigationViewController.swift in Sources */,
				1CCDDB0D28797F4700521785 /* UIColor+.swift in Sources */,
				1C0C78EE2879429800ED0759 /* HomeViewController.swift in Sources */,
				1CCDDB1E2879B69400521785 /* WebViewController.swift in Sources */,
				1CCDDAFD287950CF00521785 /* TimelineViewController.swift in Sources */,
				1CCDDAFF2879520E00521785 /* TrendViewController.swift in Sources */,
				1CCDDB192879917C00521785 /* SignInViewController.swift in Sources */,
				1CCDDB09287974EF00521785 /* TabBarViewController.swift in Sources */,
				1C0C78EA2879429800ED0759 /* AppDelegate.swift in Sources */,
				1C0C78EC2879429800ED0759 /* SceneDelegate.swift in Sources */,
			);
			runOnlyForDeploymentPostprocessing = 0;
		};
		1C0C78F82879429A00ED0759 /* Sources */ = {
			isa = PBXSourcesBuildPhase;
			buildActionMask = 2147483647;
			files = (
				1C0C79012879429A00ED0759 /* QiitaTests.swift in Sources */,
			);
			runOnlyForDeploymentPostprocessing = 0;
		};
		1C0C79022879429A00ED0759 /* Sources */ = {
			isa = PBXSourcesBuildPhase;
			buildActionMask = 2147483647;
			files = (
				1C0C790B2879429A00ED0759 /* QiitaUITests.swift in Sources */,
				1C0C790D2879429A00ED0759 /* QiitaUITestsLaunchTests.swift in Sources */,
			);
			runOnlyForDeploymentPostprocessing = 0;
		};
/* End PBXSourcesBuildPhase section */

/* Begin PBXTargetDependency section */
		1C0C78FE2879429A00ED0759 /* PBXTargetDependency */ = {
			isa = PBXTargetDependency;
			target = 1C0C78E52879429800ED0759 /* Qiita */;
			targetProxy = 1C0C78FD2879429A00ED0759 /* PBXContainerItemProxy */;
		};
		1C0C79082879429A00ED0759 /* PBXTargetDependency */ = {
			isa = PBXTargetDependency;
			target = 1C0C78E52879429800ED0759 /* Qiita */;
			targetProxy = 1C0C79072879429A00ED0759 /* PBXContainerItemProxy */;
		};
/* End PBXTargetDependency section */

/* Begin PBXVariantGroup section */
		1C0C78EF2879429800ED0759 /* Main.storyboard */ = {
			isa = PBXVariantGroup;
			children = (
				1C0C78F02879429800ED0759 /* Base */,
			);
			name = Main.storyboard;
			sourceTree = "<group>";
		};
		1C0C78F42879429A00ED0759 /* LaunchScreen.storyboard */ = {
			isa = PBXVariantGroup;
			children = (
				1C0C78F52879429A00ED0759 /* Base */,
			);
			name = LaunchScreen.storyboard;
			sourceTree = "<group>";
		};
/* End PBXVariantGroup section */

/* Begin XCBuildConfiguration section */
		1C0C790E2879429A00ED0759 /* Debug */ = {
			isa = XCBuildConfiguration;
			buildSettings = {
				ALWAYS_SEARCH_USER_PATHS = NO;
				CLANG_ANALYZER_NONNULL = YES;
				CLANG_ANALYZER_NUMBER_OBJECT_CONVERSION = YES_AGGRESSIVE;
				CLANG_CXX_LANGUAGE_STANDARD = "gnu++17";
				CLANG_ENABLE_MODULES = YES;
				CLANG_ENABLE_OBJC_ARC = YES;
				CLANG_ENABLE_OBJC_WEAK = YES;
				CLANG_WARN_BLOCK_CAPTURE_AUTORELEASING = YES;
				CLANG_WARN_BOOL_CONVERSION = YES;
				CLANG_WARN_COMMA = YES;
				CLANG_WARN_CONSTANT_CONVERSION = YES;
				CLANG_WARN_DEPRECATED_OBJC_IMPLEMENTATIONS = YES;
				CLANG_WARN_DIRECT_OBJC_ISA_USAGE = YES_ERROR;
				CLANG_WARN_DOCUMENTATION_COMMENTS = YES;
				CLANG_WARN_EMPTY_BODY = YES;
				CLANG_WARN_ENUM_CONVERSION = YES;
				CLANG_WARN_INFINITE_RECURSION = YES;
				CLANG_WARN_INT_CONVERSION = YES;
				CLANG_WARN_NON_LITERAL_NULL_CONVERSION = YES;
				CLANG_WARN_OBJC_IMPLICIT_RETAIN_SELF = YES;
				CLANG_WARN_OBJC_LITERAL_CONVERSION = YES;
				CLANG_WARN_OBJC_ROOT_CLASS = YES_ERROR;
				CLANG_WARN_QUOTED_INCLUDE_IN_FRAMEWORK_HEADER = YES;
				CLANG_WARN_RANGE_LOOP_ANALYSIS = YES;
				CLANG_WARN_STRICT_PROTOTYPES = YES;
				CLANG_WARN_SUSPICIOUS_MOVE = YES;
				CLANG_WARN_UNGUARDED_AVAILABILITY = YES_AGGRESSIVE;
				CLANG_WARN_UNREACHABLE_CODE = YES;
				CLANG_WARN__DUPLICATE_METHOD_MATCH = YES;
				COPY_PHASE_STRIP = NO;
				DEBUG_INFORMATION_FORMAT = dwarf;
				ENABLE_STRICT_OBJC_MSGSEND = YES;
				ENABLE_TESTABILITY = YES;
				GCC_C_LANGUAGE_STANDARD = gnu11;
				GCC_DYNAMIC_NO_PIC = NO;
				GCC_NO_COMMON_BLOCKS = YES;
				GCC_OPTIMIZATION_LEVEL = 0;
				GCC_PREPROCESSOR_DEFINITIONS = (
					"DEBUG=1",
					"$(inherited)",
				);
				GCC_WARN_64_TO_32_BIT_CONVERSION = YES;
				GCC_WARN_ABOUT_RETURN_TYPE = YES_ERROR;
				GCC_WARN_UNDECLARED_SELECTOR = YES;
				GCC_WARN_UNINITIALIZED_AUTOS = YES_AGGRESSIVE;
				GCC_WARN_UNUSED_FUNCTION = YES;
				GCC_WARN_UNUSED_VARIABLE = YES;
				IPHONEOS_DEPLOYMENT_TARGET = 15.5;
				MTL_ENABLE_DEBUG_INFO = INCLUDE_SOURCE;
				MTL_FAST_MATH = YES;
				ONLY_ACTIVE_ARCH = YES;
				SDKROOT = iphoneos;
				SWIFT_ACTIVE_COMPILATION_CONDITIONS = DEBUG;
				SWIFT_OPTIMIZATION_LEVEL = "-Onone";
			};
			name = Debug;
		};
		1C0C790F2879429A00ED0759 /* Release */ = {
			isa = XCBuildConfiguration;
			buildSettings = {
				ALWAYS_SEARCH_USER_PATHS = NO;
				CLANG_ANALYZER_NONNULL = YES;
				CLANG_ANALYZER_NUMBER_OBJECT_CONVERSION = YES_AGGRESSIVE;
				CLANG_CXX_LANGUAGE_STANDARD = "gnu++17";
				CLANG_ENABLE_MODULES = YES;
				CLANG_ENABLE_OBJC_ARC = YES;
				CLANG_ENABLE_OBJC_WEAK = YES;
				CLANG_WARN_BLOCK_CAPTURE_AUTORELEASING = YES;
				CLANG_WARN_BOOL_CONVERSION = YES;
				CLANG_WARN_COMMA = YES;
				CLANG_WARN_CONSTANT_CONVERSION = YES;
				CLANG_WARN_DEPRECATED_OBJC_IMPLEMENTATIONS = YES;
				CLANG_WARN_DIRECT_OBJC_ISA_USAGE = YES_ERROR;
				CLANG_WARN_DOCUMENTATION_COMMENTS = YES;
				CLANG_WARN_EMPTY_BODY = YES;
				CLANG_WARN_ENUM_CONVERSION = YES;
				CLANG_WARN_INFINITE_RECURSION = YES;
				CLANG_WARN_INT_CONVERSION = YES;
				CLANG_WARN_NON_LITERAL_NULL_CONVERSION = YES;
				CLANG_WARN_OBJC_IMPLICIT_RETAIN_SELF = YES;
				CLANG_WARN_OBJC_LITERAL_CONVERSION = YES;
				CLANG_WARN_OBJC_ROOT_CLASS = YES_ERROR;
				CLANG_WARN_QUOTED_INCLUDE_IN_FRAMEWORK_HEADER = YES;
				CLANG_WARN_RANGE_LOOP_ANALYSIS = YES;
				CLANG_WARN_STRICT_PROTOTYPES = YES;
				CLANG_WARN_SUSPICIOUS_MOVE = YES;
				CLANG_WARN_UNGUARDED_AVAILABILITY = YES_AGGRESSIVE;
				CLANG_WARN_UNREACHABLE_CODE = YES;
				CLANG_WARN__DUPLICATE_METHOD_MATCH = YES;
				COPY_PHASE_STRIP = NO;
				DEBUG_INFORMATION_FORMAT = "dwarf-with-dsym";
				ENABLE_NS_ASSERTIONS = NO;
				ENABLE_STRICT_OBJC_MSGSEND = YES;
				GCC_C_LANGUAGE_STANDARD = gnu11;
				GCC_NO_COMMON_BLOCKS = YES;
				GCC_WARN_64_TO_32_BIT_CONVERSION = YES;
				GCC_WARN_ABOUT_RETURN_TYPE = YES_ERROR;
				GCC_WARN_UNDECLARED_SELECTOR = YES;
				GCC_WARN_UNINITIALIZED_AUTOS = YES_AGGRESSIVE;
				GCC_WARN_UNUSED_FUNCTION = YES;
				GCC_WARN_UNUSED_VARIABLE = YES;
				IPHONEOS_DEPLOYMENT_TARGET = 15.5;
				MTL_ENABLE_DEBUG_INFO = NO;
				MTL_FAST_MATH = YES;
				SDKROOT = iphoneos;
				SWIFT_COMPILATION_MODE = wholemodule;
				SWIFT_OPTIMIZATION_LEVEL = "-O";
				VALIDATE_PRODUCT = YES;
			};
			name = Release;
		};
		1C0C79112879429A00ED0759 /* Debug */ = {
			isa = XCBuildConfiguration;
			buildSettings = {
				ASSETCATALOG_COMPILER_APPICON_NAME = AppIcon;
				ASSETCATALOG_COMPILER_GLOBAL_ACCENT_COLOR_NAME = AccentColor;
				CODE_SIGN_STYLE = Automatic;
				CURRENT_PROJECT_VERSION = 1;
				DEVELOPMENT_TEAM = 69BMRJXU5B;
				GENERATE_INFOPLIST_FILE = YES;
				INFOPLIST_FILE = Qiita/Resources/Info.plist;
				INFOPLIST_KEY_UIApplicationSupportsIndirectInputEvents = YES;
				INFOPLIST_KEY_UILaunchStoryboardName = LaunchScreen;
				INFOPLIST_KEY_UIMainStoryboardFile = Main;
				INFOPLIST_KEY_UISupportedInterfaceOrientations_iPad = "UIInterfaceOrientationPortrait UIInterfaceOrientationPortraitUpsideDown UIInterfaceOrientationLandscapeLeft UIInterfaceOrientationLandscapeRight";
				INFOPLIST_KEY_UISupportedInterfaceOrientations_iPhone = "UIInterfaceOrientationPortrait UIInterfaceOrientationLandscapeLeft UIInterfaceOrientationLandscapeRight";
				IPHONEOS_DEPLOYMENT_TARGET = 14.0;
				LD_RUNPATH_SEARCH_PATHS = (
					"$(inherited)",
					"@executable_path/Frameworks",
				);
				MARKETING_VERSION = 1.0;
				PRODUCT_BUNDLE_IDENTIFIER = com.Qiita;
				PRODUCT_NAME = "$(TARGET_NAME)";
				SWIFT_EMIT_LOC_STRINGS = YES;
				SWIFT_VERSION = 5.0;
				TARGETED_DEVICE_FAMILY = "1,2";
			};
			name = Debug;
		};
		1C0C79122879429A00ED0759 /* Release */ = {
			isa = XCBuildConfiguration;
			buildSettings = {
				ASSETCATALOG_COMPILER_APPICON_NAME = AppIcon;
				ASSETCATALOG_COMPILER_GLOBAL_ACCENT_COLOR_NAME = AccentColor;
				CODE_SIGN_STYLE = Automatic;
				CURRENT_PROJECT_VERSION = 1;
				DEVELOPMENT_TEAM = 69BMRJXU5B;
				GENERATE_INFOPLIST_FILE = YES;
				INFOPLIST_FILE = Qiita/Resources/Info.plist;
				INFOPLIST_KEY_UIApplicationSupportsIndirectInputEvents = YES;
				INFOPLIST_KEY_UILaunchStoryboardName = LaunchScreen;
				INFOPLIST_KEY_UIMainStoryboardFile = Main;
				INFOPLIST_KEY_UISupportedInterfaceOrientations_iPad = "UIInterfaceOrientationPortrait UIInterfaceOrientationPortraitUpsideDown UIInterfaceOrientationLandscapeLeft UIInterfaceOrientationLandscapeRight";
				INFOPLIST_KEY_UISupportedInterfaceOrientations_iPhone = "UIInterfaceOrientationPortrait UIInterfaceOrientationLandscapeLeft UIInterfaceOrientationLandscapeRight";
				IPHONEOS_DEPLOYMENT_TARGET = 14.0;
				LD_RUNPATH_SEARCH_PATHS = (
					"$(inherited)",
					"@executable_path/Frameworks",
				);
				MARKETING_VERSION = 1.0;
				PRODUCT_BUNDLE_IDENTIFIER = com.Qiita;
				PRODUCT_NAME = "$(TARGET_NAME)";
				SWIFT_EMIT_LOC_STRINGS = YES;
				SWIFT_VERSION = 5.0;
				TARGETED_DEVICE_FAMILY = "1,2";
			};
			name = Release;
		};
		1C0C79142879429A00ED0759 /* Debug */ = {
			isa = XCBuildConfiguration;
			buildSettings = {
				ALWAYS_EMBED_SWIFT_STANDARD_LIBRARIES = YES;
				BUNDLE_LOADER = "$(TEST_HOST)";
				CODE_SIGN_STYLE = Automatic;
				CURRENT_PROJECT_VERSION = 1;
				DEVELOPMENT_TEAM = 69BMRJXU5B;
				GENERATE_INFOPLIST_FILE = YES;
				IPHONEOS_DEPLOYMENT_TARGET = 15.5;
				MARKETING_VERSION = 1.0;
				PRODUCT_BUNDLE_IDENTIFIER = com.QiitaTests;
				PRODUCT_NAME = "$(TARGET_NAME)";
				SWIFT_EMIT_LOC_STRINGS = NO;
				SWIFT_VERSION = 5.0;
				TARGETED_DEVICE_FAMILY = "1,2";
				TEST_HOST = "$(BUILT_PRODUCTS_DIR)/Qiita.app/Qiita";
			};
			name = Debug;
		};
		1C0C79152879429A00ED0759 /* Release */ = {
			isa = XCBuildConfiguration;
			buildSettings = {
				ALWAYS_EMBED_SWIFT_STANDARD_LIBRARIES = YES;
				BUNDLE_LOADER = "$(TEST_HOST)";
				CODE_SIGN_STYLE = Automatic;
				CURRENT_PROJECT_VERSION = 1;
				DEVELOPMENT_TEAM = 69BMRJXU5B;
				GENERATE_INFOPLIST_FILE = YES;
				IPHONEOS_DEPLOYMENT_TARGET = 15.5;
				MARKETING_VERSION = 1.0;
				PRODUCT_BUNDLE_IDENTIFIER = com.QiitaTests;
				PRODUCT_NAME = "$(TARGET_NAME)";
				SWIFT_EMIT_LOC_STRINGS = NO;
				SWIFT_VERSION = 5.0;
				TARGETED_DEVICE_FAMILY = "1,2";
				TEST_HOST = "$(BUILT_PRODUCTS_DIR)/Qiita.app/Qiita";
			};
			name = Release;
		};
		1C0C79172879429A00ED0759 /* Debug */ = {
			isa = XCBuildConfiguration;
			buildSettings = {
				ALWAYS_EMBED_SWIFT_STANDARD_LIBRARIES = YES;
				CODE_SIGN_STYLE = Automatic;
				CURRENT_PROJECT_VERSION = 1;
				DEVELOPMENT_TEAM = 69BMRJXU5B;
				GENERATE_INFOPLIST_FILE = YES;
				MARKETING_VERSION = 1.0;
				PRODUCT_BUNDLE_IDENTIFIER = com.QiitaUITests;
				PRODUCT_NAME = "$(TARGET_NAME)";
				SWIFT_EMIT_LOC_STRINGS = NO;
				SWIFT_VERSION = 5.0;
				TARGETED_DEVICE_FAMILY = "1,2";
				TEST_TARGET_NAME = Qiita;
			};
			name = Debug;
		};
		1C0C79182879429A00ED0759 /* Release */ = {
			isa = XCBuildConfiguration;
			buildSettings = {
				ALWAYS_EMBED_SWIFT_STANDARD_LIBRARIES = YES;
				CODE_SIGN_STYLE = Automatic;
				CURRENT_PROJECT_VERSION = 1;
				DEVELOPMENT_TEAM = 69BMRJXU5B;
				GENERATE_INFOPLIST_FILE = YES;
				MARKETING_VERSION = 1.0;
				PRODUCT_BUNDLE_IDENTIFIER = com.QiitaUITests;
				PRODUCT_NAME = "$(TARGET_NAME)";
				SWIFT_EMIT_LOC_STRINGS = NO;
				SWIFT_VERSION = 5.0;
				TARGETED_DEVICE_FAMILY = "1,2";
				TEST_TARGET_NAME = Qiita;
			};
			name = Release;
		};
/* End XCBuildConfiguration section */

/* Begin XCConfigurationList section */
		1C0C78E12879429800ED0759 /* Build configuration list for PBXProject "Qiita" */ = {
			isa = XCConfigurationList;
			buildConfigurations = (
				1C0C790E2879429A00ED0759 /* Debug */,
				1C0C790F2879429A00ED0759 /* Release */,
			);
			defaultConfigurationIsVisible = 0;
			defaultConfigurationName = Release;
		};
		1C0C79102879429A00ED0759 /* Build configuration list for PBXNativeTarget "Qiita" */ = {
			isa = XCConfigurationList;
			buildConfigurations = (
				1C0C79112879429A00ED0759 /* Debug */,
				1C0C79122879429A00ED0759 /* Release */,
			);
			defaultConfigurationIsVisible = 0;
			defaultConfigurationName = Release;
		};
		1C0C79132879429A00ED0759 /* Build configuration list for PBXNativeTarget "QiitaTests" */ = {
			isa = XCConfigurationList;
			buildConfigurations = (
				1C0C79142879429A00ED0759 /* Debug */,
				1C0C79152879429A00ED0759 /* Release */,
			);
			defaultConfigurationIsVisible = 0;
			defaultConfigurationName = Release;
		};
		1C0C79162879429A00ED0759 /* Build configuration list for PBXNativeTarget "QiitaUITests" */ = {
			isa = XCConfigurationList;
			buildConfigurations = (
				1C0C79172879429A00ED0759 /* Debug */,
				1C0C79182879429A00ED0759 /* Release */,
			);
			defaultConfigurationIsVisible = 0;
			defaultConfigurationName = Release;
		};
/* End XCConfigurationList section */

/* Begin XCRemoteSwiftPackageReference section */
		1CCDDB152879900B00521785 /* XCRemoteSwiftPackageReference "KeychainAccess" */ = {
			isa = XCRemoteSwiftPackageReference;
			repositoryURL = "https://github.com/kishikawakatsumi/KeychainAccess/";
			requirement = {
				branch = master;
				kind = branch;
			};
		};
		1CCDDB212879C42400521785 /* XCRemoteSwiftPackageReference "lottie-ios" */ = {
			isa = XCRemoteSwiftPackageReference;
			repositoryURL = "https://github.com/airbnb/lottie-ios";
			requirement = {
				kind = upToNextMajorVersion;
				minimumVersion = 3.0.0;
			};
		};
/* End XCRemoteSwiftPackageReference section */

/* Begin XCSwiftPackageProductDependency section */
		1CCDDB162879900B00521785 /* KeychainAccess */ = {
			isa = XCSwiftPackageProductDependency;
			package = 1CCDDB152879900B00521785 /* XCRemoteSwiftPackageReference "KeychainAccess" */;
			productName = KeychainAccess;
		};
		1CCDDB222879C42400521785 /* Lottie */ = {
			isa = XCSwiftPackageProductDependency;
			package = 1CCDDB212879C42400521785 /* XCRemoteSwiftPackageReference "lottie-ios" */;
			productName = Lottie;
		};
/* End XCSwiftPackageProductDependency section */
	};
	rootObject = 1C0C78DE2879429800ED0759 /* Project object */;
}
